
Microsoft Visual Studio Solution File, Format Version 12.00
# Visual Studio 15
VisualStudioVersion = 15.0.28307.1800
MinimumVisualStudioVersion = 10.0.40219.1
Project("{8BC9CEB8-8B4A-11D0-8D11-00A0C91BC942}") = "zuoye2", "zuoye2\zuoye2.vcxproj", "{78B93E3E-10E3-426C-AA35-C7852C524366}"
EndProject
Global
	GlobalSection(SolutionConfigurationPlatforms) = preSolution
		Debug|x64 = Debug|x64
		Debug|x86 = Debug|x86
		Release|x64 = Release|x64
		Release|x86 = Release|x86
	EndGlobalSection
	GlobalSection(ProjectConfigurationPlatforms) = postSolution
		{78B93E3E-10E3-426C-AA35-C7852C524366}.Debug|x64.ActiveCfg = Debug|x64
		{78B93E3E-10E3-426C-AA35-C7852C524366}.Debug|x64.Build.0 = Debug|x64
		{78B93E3E-10E3-426C-AA35-C7852C524366}.Debug|x86.ActiveCfg = Debug|Win32
		{78B93E3E-10E3-426C-AA35-C7852C524366}.Debug|x86.Build.0 = Debug|Win32
		{78B93E3E-10E3-426C-AA35-C7852C524366}.Release|x64.ActiveCfg = Release|x64
		{78B93E3E-10E3-426C-AA35-C7852C524366}.Release|x64.Build.0 = Release|x64
		{78B93E3E-10E3-426C-AA35-C7852C524366}.Release|x86.ActiveCfg = Release|Win32
		{78B93E3E-10E3-426C-AA35-C7852C524366}.Release|x86.Build.0 = Release|Win32
	EndGlobalSection
	GlobalSection(SolutionProperties) = preSolution
		HideSolutionNode = FALSE
	EndGlobalSection
	GlobalSection(ExtensibilityGlobals) = postSolution
		SolutionGuid = {956B986F-BABB-436B-A24E-947BE6E8571A}
	EndGlobalSection
EndGlobal
