
Microsoft Visual Studio Solution File, Format Version 12.00
# Visual Studio 15
VisualStudioVersion = 15.0.28307.1800
MinimumVisualStudioVersion = 10.0.40219.1
Project("{8BC9CEB8-8B4A-11D0-8D11-00A0C91BC942}") = "Cpro-1", "Cpro-1\Cpro-1.vcxproj", "{48BBBD58-5D11-4F6C-B16F-240DB647B77D}"
EndProject
Global
	GlobalSection(SolutionConfigurationPlatforms) = preSolution
		Debug|x64 = Debug|x64
		Debug|x86 = Debug|x86
		Release|x64 = Release|x64
		Release|x86 = Release|x86
	EndGlobalSection
	GlobalSection(ProjectConfigurationPlatforms) = postSolution
		{48BBBD58-5D11-4F6C-B16F-240DB647B77D}.Debug|x64.ActiveCfg = Debug|x64
		{48BBBD58-5D11-4F6C-B16F-240DB647B77D}.Debug|x64.Build.0 = Debug|x64
		{48BBBD58-5D11-4F6C-B16F-240DB647B77D}.Debug|x86.ActiveCfg = Debug|Win32
		{48BBBD58-5D11-4F6C-B16F-240DB647B77D}.Debug|x86.Build.0 = Debug|Win32
		{48BBBD58-5D11-4F6C-B16F-240DB647B77D}.Release|x64.ActiveCfg = Release|x64
		{48BBBD58-5D11-4F6C-B16F-240DB647B77D}.Release|x64.Build.0 = Release|x64
		{48BBBD58-5D11-4F6C-B16F-240DB647B77D}.Release|x86.ActiveCfg = Release|Win32
		{48BBBD58-5D11-4F6C-B16F-240DB647B77D}.Release|x86.Build.0 = Release|Win32
	EndGlobalSection
	GlobalSection(SolutionProperties) = preSolution
		HideSolutionNode = FALSE
	EndGlobalSection
	GlobalSection(ExtensibilityGlobals) = postSolution
		SolutionGuid = {66F93CD9-A232-4FFC-915C-CB5397329255}
	EndGlobalSection
EndGlobal
